
Microsoft Visual Studio Solution File, Format Version 12.00
# Visual Studio Version 17
VisualStudioVersion = 17.8.34525.116
MinimumVisualStudioVersion = 10.0.40219.1
Project("{FAE04EC0-301F-11D3-BF4B-00C04F79EFBC}") = "01. Ranking", "01. Ranking\01. Ranking.csproj", "{5961C941-69B0-47D2-A0C3-A7BA7C25072B}"
EndProject
Project("{FAE04EC0-301F-11D3-BF4B-00C04F79EFBC}") = "02. Judge", "02. Judge\02. Judge.csproj", "{C56365AF-0CD0-4571-AEDB-2C29CBF6FCEC}"
EndProject
Project("{FAE04EC0-301F-11D3-BF4B-00C04F79EFBC}") = "03. MOBA Challenger", "03. MOBA Challenger\03. MOBA Challenger.csproj", "{7D33432D-7E3D-48BB-A02B-632F0BECDFD6}"
EndProject
Project("{FAE04EC0-301F-11D3-BF4B-00C04F79EFBC}") = "04. Snowwhite", "04. Snowwhite\04. Snowwhite.csproj", "{FF83F155-50D4-42B5-964C-F148A54AA9B9}"
EndProject
Project("{FAE04EC0-301F-11D3-BF4B-00C04F79EFBC}") = "05. Dragon Army", "05. Dragon Army\05. Dragon Army.csproj", "{5B054DF4-6861-4405-8523-4DD7A0685B70}"
EndProject
Global
	GlobalSection(SolutionConfigurationPlatforms) = preSolution
		Debug|Any CPU = Debug|Any CPU
		Release|Any CPU = Release|Any CPU
	EndGlobalSection
	GlobalSection(ProjectConfigurationPlatforms) = postSolution
		{5961C941-69B0-47D2-A0C3-A7BA7C25072B}.Debug|Any CPU.ActiveCfg = Debug|Any CPU
		{5961C941-69B0-47D2-A0C3-A7BA7C25072B}.Debug|Any CPU.Build.0 = Debug|Any CPU
		{5961C941-69B0-47D2-A0C3-A7BA7C25072B}.Release|Any CPU.ActiveCfg = Release|Any CPU
		{5961C941-69B0-47D2-A0C3-A7BA7C25072B}.Release|Any CPU.Build.0 = Release|Any CPU
		{C56365AF-0CD0-4571-AEDB-2C29CBF6FCEC}.Debug|Any CPU.ActiveCfg = Debug|Any CPU
		{C56365AF-0CD0-4571-AEDB-2C29CBF6FCEC}.Debug|Any CPU.Build.0 = Debug|Any CPU
		{C56365AF-0CD0-4571-AEDB-2C29CBF6FCEC}.Release|Any CPU.ActiveCfg = Release|Any CPU
		{C56365AF-0CD0-4571-AEDB-2C29CBF6FCEC}.Release|Any CPU.Build.0 = Release|Any CPU
		{7D33432D-7E3D-48BB-A02B-632F0BECDFD6}.Debug|Any CPU.ActiveCfg = Debug|Any CPU
		{7D33432D-7E3D-48BB-A02B-632F0BECDFD6}.Debug|Any CPU.Build.0 = Debug|Any CPU
		{7D33432D-7E3D-48BB-A02B-632F0BECDFD6}.Release|Any CPU.ActiveCfg = Release|Any CPU
		{7D33432D-7E3D-48BB-A02B-632F0BECDFD6}.Release|Any CPU.Build.0 = Release|Any CPU
		{FF83F155-50D4-42B5-964C-F148A54AA9B9}.Debug|Any CPU.ActiveCfg = Debug|Any CPU
		{FF83F155-50D4-42B5-964C-F148A54AA9B9}.Debug|Any CPU.Build.0 = Debug|Any CPU
		{FF83F155-50D4-42B5-964C-F148A54AA9B9}.Release|Any CPU.ActiveCfg = Release|Any CPU
		{FF83F155-50D4-42B5-964C-F148A54AA9B9}.Release|Any CPU.Build.0 = Release|Any CPU
		{5B054DF4-6861-4405-8523-4DD7A0685B70}.Debug|Any CPU.ActiveCfg = Debug|Any CPU
		{5B054DF4-6861-4405-8523-4DD7A0685B70}.Debug|Any CPU.Build.0 = Debug|Any CPU
		{5B054DF4-6861-4405-8523-4DD7A0685B70}.Release|Any CPU.ActiveCfg = Release|Any CPU
		{5B054DF4-6861-4405-8523-4DD7A0685B70}.Release|Any CPU.Build.0 = Release|Any CPU
	EndGlobalSection
	GlobalSection(SolutionProperties) = preSolution
		HideSolutionNode = FALSE
	EndGlobalSection
	GlobalSection(ExtensibilityGlobals) = postSolution
		SolutionGuid = {AB0DFE6B-FC2A-4BD2-A741-63FB144F163B}
	EndGlobalSection
EndGlobal
