
Microsoft Visual Studio Solution File, Format Version 12.00
# Visual Studio Version 17
VisualStudioVersion = 17.8.34525.116
MinimumVisualStudioVersion = 10.0.40219.1
Project("{9A19103F-16F7-4668-BE54-9A1E7A4F7556}") = "01. Sign of Integer Numbers", "01. Sign of Integer Numbers\01. Sign of Integer Numbers.csproj", "{4B136424-73B0-42CB-8A6A-7C3E7AE2F8CE}"
EndProject
Project("{9A19103F-16F7-4668-BE54-9A1E7A4F7556}") = "02. Grades", "02. Grades\02. Grades.csproj", "{D00DD155-7CF3-47FD-A1DE-42033498A22D}"
EndProject
Project("{9A19103F-16F7-4668-BE54-9A1E7A4F7556}") = "03. Calculations", "03. Calculations\03. Calculations.csproj", "{E451B758-961C-4E8C-86A9-3D497C2B2468}"
EndProject
Project("{9A19103F-16F7-4668-BE54-9A1E7A4F7556}") = "04. Printing Triangle", "04. Printing Triangle\04. Printing Triangle.csproj", "{08A4C1BC-D3DE-47FA-A3F2-E537CC3FF9D8}"
EndProject
Project("{9A19103F-16F7-4668-BE54-9A1E7A4F7556}") = "05. Orders", "05. Orders\05. Orders.csproj", "{4256F157-DE5F-498A-AF8B-7BB14380B32D}"
EndProject
Project("{9A19103F-16F7-4668-BE54-9A1E7A4F7556}") = "06. Calculate Rectangle Area", "06. Calculate Rectangle Area\06. Calculate Rectangle Area.csproj", "{38189109-63C2-40CE-940D-1DBBA35763D4}"
EndProject
Project("{9A19103F-16F7-4668-BE54-9A1E7A4F7556}") = "07. Repeat String", "07. Repeat String\07. Repeat String.csproj", "{85001D8F-30C7-4727-9D9B-E798BDFB491A}"
EndProject
Project("{9A19103F-16F7-4668-BE54-9A1E7A4F7556}") = "08. Math Power", "08. Math Power\08. Math Power.csproj", "{EB4E38F6-2797-4D07-B9E6-1479137E0CA5}"
EndProject
Project("{9A19103F-16F7-4668-BE54-9A1E7A4F7556}") = "09. Greater of Two Values", "09. Greater of Two Values\09. Greater of Two Values.csproj", "{26CA63D4-2F1B-4A12-AC0D-3286C3AB3CD8}"
EndProject
Project("{9A19103F-16F7-4668-BE54-9A1E7A4F7556}") = "10. Multiply Evens by Odds", "10. Multiply Evens by Odds\10. Multiply Evens by Odds.csproj", "{9FB42914-87E2-4414-83E5-8C2F3AA38311}"
EndProject
Project("{9A19103F-16F7-4668-BE54-9A1E7A4F7556}") = "11. Math operations", "11. Math operations\11. Math operations.csproj", "{D67E384C-5E32-4CCE-AB8A-7A7F3BF3B7BA}"
EndProject
Project("{9A19103F-16F7-4668-BE54-9A1E7A4F7556}") = "Demo", "Demo\Demo.csproj", "{127BA47C-7508-4366-BD87-A0711254EAE4}"
EndProject
Project("{9A19103F-16F7-4668-BE54-9A1E7A4F7556}") = "01. Sign of Integer Numbers Second Solution", "01. Sign of Integer Numbers Second Solution\01. Sign of Integer Numbers Second Solution.csproj", "{473E62F7-2F55-4023-9D75-C425F765A104}"
EndProject
Project("{9A19103F-16F7-4668-BE54-9A1E7A4F7556}") = "01. Sign of Integer Numbers Third Solution", "01. Sign of Integer Numbers Third Solution\01. Sign of Integer Numbers Third Solution.csproj", "{F2FBDBE1-2B3B-415E-A67A-C7765B62302F}"
EndProject
Project("{9A19103F-16F7-4668-BE54-9A1E7A4F7556}") = "02. Grades Second Solution", "02. Grades Second Solution\02. Grades Second Solution.csproj", "{CB104B6A-43C1-43EA-B7E4-7AD10FD2E9C6}"
EndProject
Project("{9A19103F-16F7-4668-BE54-9A1E7A4F7556}") = "03. Calculations Second Solution", "03. Calculations Second Solution\03. Calculations Second Solution.csproj", "{7B3E7FCA-7929-4BAA-A900-CAD5FBFD5A3A}"
EndProject
Project("{9A19103F-16F7-4668-BE54-9A1E7A4F7556}") = "04. Printing Triangle Second Solution", "04. Printing Triangle Second Solution\04. Printing Triangle Second Solution.csproj", "{F12A21E9-7E2E-4E4C-BF50-694ECBE9B722}"
EndProject
Project("{9A19103F-16F7-4668-BE54-9A1E7A4F7556}") = "05. Orders Second Solution", "05. Orders Second Solution\05. Orders Second Solution.csproj", "{5CC47379-3EAE-4536-9EC0-97FAEA53E16D}"
EndProject
Project("{9A19103F-16F7-4668-BE54-9A1E7A4F7556}") = "06. Calculate Rectangle Area Second Solution", "06. Calculate Rectangle Area Second Solution\06. Calculate Rectangle Area Second Solution.csproj", "{C9EA39CC-FFDC-4287-95DA-40D100FD2312}"
EndProject
Project("{FAE04EC0-301F-11D3-BF4B-00C04F79EFBC}") = "07. Repeat String Second Solution", "07. Repeat String Second Solution\07. Repeat String Second Solution.csproj", "{A8BD8472-D029-4FE4-BA4D-71DBFCD0D19A}"
EndProject
Global
	GlobalSection(SolutionConfigurationPlatforms) = preSolution
		Debug|Any CPU = Debug|Any CPU
		Release|Any CPU = Release|Any CPU
	EndGlobalSection
	GlobalSection(ProjectConfigurationPlatforms) = postSolution
		{4B136424-73B0-42CB-8A6A-7C3E7AE2F8CE}.Debug|Any CPU.ActiveCfg = Debug|Any CPU
		{4B136424-73B0-42CB-8A6A-7C3E7AE2F8CE}.Debug|Any CPU.Build.0 = Debug|Any CPU
		{4B136424-73B0-42CB-8A6A-7C3E7AE2F8CE}.Release|Any CPU.ActiveCfg = Release|Any CPU
		{4B136424-73B0-42CB-8A6A-7C3E7AE2F8CE}.Release|Any CPU.Build.0 = Release|Any CPU
		{D00DD155-7CF3-47FD-A1DE-42033498A22D}.Debug|Any CPU.ActiveCfg = Debug|Any CPU
		{D00DD155-7CF3-47FD-A1DE-42033498A22D}.Debug|Any CPU.Build.0 = Debug|Any CPU
		{D00DD155-7CF3-47FD-A1DE-42033498A22D}.Release|Any CPU.ActiveCfg = Release|Any CPU
		{D00DD155-7CF3-47FD-A1DE-42033498A22D}.Release|Any CPU.Build.0 = Release|Any CPU
		{E451B758-961C-4E8C-86A9-3D497C2B2468}.Debug|Any CPU.ActiveCfg = Debug|Any CPU
		{E451B758-961C-4E8C-86A9-3D497C2B2468}.Debug|Any CPU.Build.0 = Debug|Any CPU
		{E451B758-961C-4E8C-86A9-3D497C2B2468}.Release|Any CPU.ActiveCfg = Release|Any CPU
		{E451B758-961C-4E8C-86A9-3D497C2B2468}.Release|Any CPU.Build.0 = Release|Any CPU
		{08A4C1BC-D3DE-47FA-A3F2-E537CC3FF9D8}.Debug|Any CPU.ActiveCfg = Debug|Any CPU
		{08A4C1BC-D3DE-47FA-A3F2-E537CC3FF9D8}.Debug|Any CPU.Build.0 = Debug|Any CPU
		{08A4C1BC-D3DE-47FA-A3F2-E537CC3FF9D8}.Release|Any CPU.ActiveCfg = Release|Any CPU
		{08A4C1BC-D3DE-47FA-A3F2-E537CC3FF9D8}.Release|Any CPU.Build.0 = Release|Any CPU
		{4256F157-DE5F-498A-AF8B-7BB14380B32D}.Debug|Any CPU.ActiveCfg = Debug|Any CPU
		{4256F157-DE5F-498A-AF8B-7BB14380B32D}.Debug|Any CPU.Build.0 = Debug|Any CPU
		{4256F157-DE5F-498A-AF8B-7BB14380B32D}.Release|Any CPU.ActiveCfg = Release|Any CPU
		{4256F157-DE5F-498A-AF8B-7BB14380B32D}.Release|Any CPU.Build.0 = Release|Any CPU
		{38189109-63C2-40CE-940D-1DBBA35763D4}.Debug|Any CPU.ActiveCfg = Debug|Any CPU
		{38189109-63C2-40CE-940D-1DBBA35763D4}.Debug|Any CPU.Build.0 = Debug|Any CPU
		{38189109-63C2-40CE-940D-1DBBA35763D4}.Release|Any CPU.ActiveCfg = Release|Any CPU
		{38189109-63C2-40CE-940D-1DBBA35763D4}.Release|Any CPU.Build.0 = Release|Any CPU
		{85001D8F-30C7-4727-9D9B-E798BDFB491A}.Debug|Any CPU.ActiveCfg = Debug|Any CPU
		{85001D8F-30C7-4727-9D9B-E798BDFB491A}.Debug|Any CPU.Build.0 = Debug|Any CPU
		{85001D8F-30C7-4727-9D9B-E798BDFB491A}.Release|Any CPU.ActiveCfg = Release|Any CPU
		{85001D8F-30C7-4727-9D9B-E798BDFB491A}.Release|Any CPU.Build.0 = Release|Any CPU
		{EB4E38F6-2797-4D07-B9E6-1479137E0CA5}.Debug|Any CPU.ActiveCfg = Debug|Any CPU
		{EB4E38F6-2797-4D07-B9E6-1479137E0CA5}.Debug|Any CPU.Build.0 = Debug|Any CPU
		{EB4E38F6-2797-4D07-B9E6-1479137E0CA5}.Release|Any CPU.ActiveCfg = Release|Any CPU
		{EB4E38F6-2797-4D07-B9E6-1479137E0CA5}.Release|Any CPU.Build.0 = Release|Any CPU
		{26CA63D4-2F1B-4A12-AC0D-3286C3AB3CD8}.Debug|Any CPU.ActiveCfg = Debug|Any CPU
		{26CA63D4-2F1B-4A12-AC0D-3286C3AB3CD8}.Debug|Any CPU.Build.0 = Debug|Any CPU
		{26CA63D4-2F1B-4A12-AC0D-3286C3AB3CD8}.Release|Any CPU.ActiveCfg = Release|Any CPU
		{26CA63D4-2F1B-4A12-AC0D-3286C3AB3CD8}.Release|Any CPU.Build.0 = Release|Any CPU
		{9FB42914-87E2-4414-83E5-8C2F3AA38311}.Debug|Any CPU.ActiveCfg = Debug|Any CPU
		{9FB42914-87E2-4414-83E5-8C2F3AA38311}.Debug|Any CPU.Build.0 = Debug|Any CPU
		{9FB42914-87E2-4414-83E5-8C2F3AA38311}.Release|Any CPU.ActiveCfg = Release|Any CPU
		{9FB42914-87E2-4414-83E5-8C2F3AA38311}.Release|Any CPU.Build.0 = Release|Any CPU
		{D67E384C-5E32-4CCE-AB8A-7A7F3BF3B7BA}.Debug|Any CPU.ActiveCfg = Debug|Any CPU
		{D67E384C-5E32-4CCE-AB8A-7A7F3BF3B7BA}.Debug|Any CPU.Build.0 = Debug|Any CPU
		{D67E384C-5E32-4CCE-AB8A-7A7F3BF3B7BA}.Release|Any CPU.ActiveCfg = Release|Any CPU
		{D67E384C-5E32-4CCE-AB8A-7A7F3BF3B7BA}.Release|Any CPU.Build.0 = Release|Any CPU
		{127BA47C-7508-4366-BD87-A0711254EAE4}.Debug|Any CPU.ActiveCfg = Debug|Any CPU
		{127BA47C-7508-4366-BD87-A0711254EAE4}.Debug|Any CPU.Build.0 = Debug|Any CPU
		{127BA47C-7508-4366-BD87-A0711254EAE4}.Release|Any CPU.ActiveCfg = Release|Any CPU
		{127BA47C-7508-4366-BD87-A0711254EAE4}.Release|Any CPU.Build.0 = Release|Any CPU
		{473E62F7-2F55-4023-9D75-C425F765A104}.Debug|Any CPU.ActiveCfg = Debug|Any CPU
		{473E62F7-2F55-4023-9D75-C425F765A104}.Debug|Any CPU.Build.0 = Debug|Any CPU
		{473E62F7-2F55-4023-9D75-C425F765A104}.Release|Any CPU.ActiveCfg = Release|Any CPU
		{473E62F7-2F55-4023-9D75-C425F765A104}.Release|Any CPU.Build.0 = Release|Any CPU
		{F2FBDBE1-2B3B-415E-A67A-C7765B62302F}.Debug|Any CPU.ActiveCfg = Debug|Any CPU
		{F2FBDBE1-2B3B-415E-A67A-C7765B62302F}.Debug|Any CPU.Build.0 = Debug|Any CPU
		{F2FBDBE1-2B3B-415E-A67A-C7765B62302F}.Release|Any CPU.ActiveCfg = Release|Any CPU
		{F2FBDBE1-2B3B-415E-A67A-C7765B62302F}.Release|Any CPU.Build.0 = Release|Any CPU
		{CB104B6A-43C1-43EA-B7E4-7AD10FD2E9C6}.Debug|Any CPU.ActiveCfg = Debug|Any CPU
		{CB104B6A-43C1-43EA-B7E4-7AD10FD2E9C6}.Debug|Any CPU.Build.0 = Debug|Any CPU
		{CB104B6A-43C1-43EA-B7E4-7AD10FD2E9C6}.Release|Any CPU.ActiveCfg = Release|Any CPU
		{CB104B6A-43C1-43EA-B7E4-7AD10FD2E9C6}.Release|Any CPU.Build.0 = Release|Any CPU
		{7B3E7FCA-7929-4BAA-A900-CAD5FBFD5A3A}.Debug|Any CPU.ActiveCfg = Debug|Any CPU
		{7B3E7FCA-7929-4BAA-A900-CAD5FBFD5A3A}.Debug|Any CPU.Build.0 = Debug|Any CPU
		{7B3E7FCA-7929-4BAA-A900-CAD5FBFD5A3A}.Release|Any CPU.ActiveCfg = Release|Any CPU
		{7B3E7FCA-7929-4BAA-A900-CAD5FBFD5A3A}.Release|Any CPU.Build.0 = Release|Any CPU
		{F12A21E9-7E2E-4E4C-BF50-694ECBE9B722}.Debug|Any CPU.ActiveCfg = Debug|Any CPU
		{F12A21E9-7E2E-4E4C-BF50-694ECBE9B722}.Debug|Any CPU.Build.0 = Debug|Any CPU
		{F12A21E9-7E2E-4E4C-BF50-694ECBE9B722}.Release|Any CPU.ActiveCfg = Release|Any CPU
		{F12A21E9-7E2E-4E4C-BF50-694ECBE9B722}.Release|Any CPU.Build.0 = Release|Any CPU
		{5CC47379-3EAE-4536-9EC0-97FAEA53E16D}.Debug|Any CPU.ActiveCfg = Debug|Any CPU
		{5CC47379-3EAE-4536-9EC0-97FAEA53E16D}.Debug|Any CPU.Build.0 = Debug|Any CPU
		{5CC47379-3EAE-4536-9EC0-97FAEA53E16D}.Release|Any CPU.ActiveCfg = Release|Any CPU
		{5CC47379-3EAE-4536-9EC0-97FAEA53E16D}.Release|Any CPU.Build.0 = Release|Any CPU
		{C9EA39CC-FFDC-4287-95DA-40D100FD2312}.Debug|Any CPU.ActiveCfg = Debug|Any CPU
		{C9EA39CC-FFDC-4287-95DA-40D100FD2312}.Debug|Any CPU.Build.0 = Debug|Any CPU
		{C9EA39CC-FFDC-4287-95DA-40D100FD2312}.Release|Any CPU.ActiveCfg = Release|Any CPU
		{C9EA39CC-FFDC-4287-95DA-40D100FD2312}.Release|Any CPU.Build.0 = Release|Any CPU
		{A8BD8472-D029-4FE4-BA4D-71DBFCD0D19A}.Debug|Any CPU.ActiveCfg = Debug|Any CPU
		{A8BD8472-D029-4FE4-BA4D-71DBFCD0D19A}.Debug|Any CPU.Build.0 = Debug|Any CPU
		{A8BD8472-D029-4FE4-BA4D-71DBFCD0D19A}.Release|Any CPU.ActiveCfg = Release|Any CPU
		{A8BD8472-D029-4FE4-BA4D-71DBFCD0D19A}.Release|Any CPU.Build.0 = Release|Any CPU
	EndGlobalSection
	GlobalSection(SolutionProperties) = preSolution
		HideSolutionNode = FALSE
	EndGlobalSection
	GlobalSection(ExtensibilityGlobals) = postSolution
		SolutionGuid = {5A4648C3-1295-43AC-84CD-45BB06B54326}
	EndGlobalSection
EndGlobal
