
Microsoft Visual Studio Solution File, Format Version 12.00
# Visual Studio Version 17
VisualStudioVersion = 17.9.34728.123
MinimumVisualStudioVersion = 10.0.40219.1
Project("{FAE04EC0-301F-11D3-BF4B-00C04F79EFBC}") = "01. The Hunting Games", "01. The Hunting Games\01. The Hunting Games.csproj", "{3A1DFD1A-BF06-4F16-A774-2AA6181D0369}"
EndProject
Project("{FAE04EC0-301F-11D3-BF4B-00C04F79EFBC}") = "02. Friend List", "02. Friend List\02. Friend List.csproj", "{B8A062E3-3DDE-4FE0-B118-CCA1AC029F98}"
EndProject
Project("{FAE04EC0-301F-11D3-BF4B-00C04F79EFBC}") = "03. The Angry Cat", "03. The Angry Cat\03. The Angry Cat.csproj", "{7E959427-7BA1-402C-9D83-ED0A24812402}"
EndProject
Global
	GlobalSection(SolutionConfigurationPlatforms) = preSolution
		Debug|Any CPU = Debug|Any CPU
		Release|Any CPU = Release|Any CPU
	EndGlobalSection
	GlobalSection(ProjectConfigurationPlatforms) = postSolution
		{3A1DFD1A-BF06-4F16-A774-2AA6181D0369}.Debug|Any CPU.ActiveCfg = Debug|Any CPU
		{3A1DFD1A-BF06-4F16-A774-2AA6181D0369}.Debug|Any CPU.Build.0 = Debug|Any CPU
		{3A1DFD1A-BF06-4F16-A774-2AA6181D0369}.Release|Any CPU.ActiveCfg = Release|Any CPU
		{3A1DFD1A-BF06-4F16-A774-2AA6181D0369}.Release|Any CPU.Build.0 = Release|Any CPU
		{B8A062E3-3DDE-4FE0-B118-CCA1AC029F98}.Debug|Any CPU.ActiveCfg = Debug|Any CPU
		{B8A062E3-3DDE-4FE0-B118-CCA1AC029F98}.Debug|Any CPU.Build.0 = Debug|Any CPU
		{B8A062E3-3DDE-4FE0-B118-CCA1AC029F98}.Release|Any CPU.ActiveCfg = Release|Any CPU
		{B8A062E3-3DDE-4FE0-B118-CCA1AC029F98}.Release|Any CPU.Build.0 = Release|Any CPU
		{7E959427-7BA1-402C-9D83-ED0A24812402}.Debug|Any CPU.ActiveCfg = Debug|Any CPU
		{7E959427-7BA1-402C-9D83-ED0A24812402}.Debug|Any CPU.Build.0 = Debug|Any CPU
		{7E959427-7BA1-402C-9D83-ED0A24812402}.Release|Any CPU.ActiveCfg = Release|Any CPU
		{7E959427-7BA1-402C-9D83-ED0A24812402}.Release|Any CPU.Build.0 = Release|Any CPU
	EndGlobalSection
	GlobalSection(SolutionProperties) = preSolution
		HideSolutionNode = FALSE
	EndGlobalSection
	GlobalSection(ExtensibilityGlobals) = postSolution
		SolutionGuid = {090E4C89-6A55-4857-B099-121B4320D447}
	EndGlobalSection
EndGlobal
