
Microsoft Visual Studio Solution File, Format Version 12.00
# Visual Studio Version 17
VisualStudioVersion = 17.8.34525.116
MinimumVisualStudioVersion = 10.0.40219.1
Project("{FAE04EC0-301F-11D3-BF4B-00C04F79EFBC}") = "01. Extract Person Information", "01. Extract Person Information\01. Extract Person Information.csproj", "{4E9CBCED-44A0-4A1E-848F-9BD5C7B4CB70}"
EndProject
Project("{FAE04EC0-301F-11D3-BF4B-00C04F79EFBC}") = "02. Ascii Sumator", "02. Ascii Sumator\02. Ascii Sumator.csproj", "{47DCBAD6-EFEA-48E0-AE27-404918526977}"
EndProject
Project("{FAE04EC0-301F-11D3-BF4B-00C04F79EFBC}") = "03. Treasure Finder", "03. Treasure Finder\03. Treasure Finder.csproj", "{BF0AF859-E9CD-4522-AC40-F971AC3183EA}"
EndProject
Project("{FAE04EC0-301F-11D3-BF4B-00C04F79EFBC}") = "04. Morse Code Translator", "04. Morse Code Translator\04. Morse Code Translator.csproj", "{AC79DAE9-E85A-4285-B3B6-60043FDD1EA5}"
EndProject
Project("{FAE04EC0-301F-11D3-BF4B-00C04F79EFBC}") = "05. HTML", "05. HTML\05. HTML.csproj", "{929AAE7E-308D-4EA6-ABF2-9316B386B91B}"
EndProject
Global
	GlobalSection(SolutionConfigurationPlatforms) = preSolution
		Debug|Any CPU = Debug|Any CPU
		Release|Any CPU = Release|Any CPU
	EndGlobalSection
	GlobalSection(ProjectConfigurationPlatforms) = postSolution
		{4E9CBCED-44A0-4A1E-848F-9BD5C7B4CB70}.Debug|Any CPU.ActiveCfg = Debug|Any CPU
		{4E9CBCED-44A0-4A1E-848F-9BD5C7B4CB70}.Debug|Any CPU.Build.0 = Debug|Any CPU
		{4E9CBCED-44A0-4A1E-848F-9BD5C7B4CB70}.Release|Any CPU.ActiveCfg = Release|Any CPU
		{4E9CBCED-44A0-4A1E-848F-9BD5C7B4CB70}.Release|Any CPU.Build.0 = Release|Any CPU
		{47DCBAD6-EFEA-48E0-AE27-404918526977}.Debug|Any CPU.ActiveCfg = Debug|Any CPU
		{47DCBAD6-EFEA-48E0-AE27-404918526977}.Debug|Any CPU.Build.0 = Debug|Any CPU
		{47DCBAD6-EFEA-48E0-AE27-404918526977}.Release|Any CPU.ActiveCfg = Release|Any CPU
		{47DCBAD6-EFEA-48E0-AE27-404918526977}.Release|Any CPU.Build.0 = Release|Any CPU
		{BF0AF859-E9CD-4522-AC40-F971AC3183EA}.Debug|Any CPU.ActiveCfg = Debug|Any CPU
		{BF0AF859-E9CD-4522-AC40-F971AC3183EA}.Debug|Any CPU.Build.0 = Debug|Any CPU
		{BF0AF859-E9CD-4522-AC40-F971AC3183EA}.Release|Any CPU.ActiveCfg = Release|Any CPU
		{BF0AF859-E9CD-4522-AC40-F971AC3183EA}.Release|Any CPU.Build.0 = Release|Any CPU
		{AC79DAE9-E85A-4285-B3B6-60043FDD1EA5}.Debug|Any CPU.ActiveCfg = Debug|Any CPU
		{AC79DAE9-E85A-4285-B3B6-60043FDD1EA5}.Debug|Any CPU.Build.0 = Debug|Any CPU
		{AC79DAE9-E85A-4285-B3B6-60043FDD1EA5}.Release|Any CPU.ActiveCfg = Release|Any CPU
		{AC79DAE9-E85A-4285-B3B6-60043FDD1EA5}.Release|Any CPU.Build.0 = Release|Any CPU
		{929AAE7E-308D-4EA6-ABF2-9316B386B91B}.Debug|Any CPU.ActiveCfg = Debug|Any CPU
		{929AAE7E-308D-4EA6-ABF2-9316B386B91B}.Debug|Any CPU.Build.0 = Debug|Any CPU
		{929AAE7E-308D-4EA6-ABF2-9316B386B91B}.Release|Any CPU.ActiveCfg = Release|Any CPU
		{929AAE7E-308D-4EA6-ABF2-9316B386B91B}.Release|Any CPU.Build.0 = Release|Any CPU
	EndGlobalSection
	GlobalSection(SolutionProperties) = preSolution
		HideSolutionNode = FALSE
	EndGlobalSection
	GlobalSection(ExtensibilityGlobals) = postSolution
		SolutionGuid = {47BF5916-20EF-487A-BA73-89B1FF804C84}
	EndGlobalSection
EndGlobal
