
Microsoft Visual Studio Solution File, Format Version 12.00
# Visual Studio Version 17
VisualStudioVersion = 17.8.34525.116
MinimumVisualStudioVersion = 10.0.40219.1
Project("{9A19103F-16F7-4668-BE54-9A1E7A4F7556}") = "01. Data Types", "01. Data Types\01. Data Types.csproj", "{89E6017F-F73F-47B4-8D69-E9DBEA0C7BB1}"
EndProject
Project("{9A19103F-16F7-4668-BE54-9A1E7A4F7556}") = "02. Center Point", "02. Center Point\02. Center Point.csproj", "{DA4B024E-5B42-4EB7-9A44-50B176C6E27B}"
EndProject
Project("{9A19103F-16F7-4668-BE54-9A1E7A4F7556}") = "03. Longer Line", "03. Longer Line\03. Longer Line.csproj", "{914333DC-F3D4-4B60-9736-6C4DDCF7C9DB}"
EndProject
Project("{9A19103F-16F7-4668-BE54-9A1E7A4F7556}") = "04. Tribonacci Sequence", "04. Tribonacci Sequence\04. Tribonacci Sequence.csproj", "{528A4907-D217-4614-B9A6-57AD4E70D8DC}"
EndProject
Project("{9A19103F-16F7-4668-BE54-9A1E7A4F7556}") = "05. Multiplication Sign", "05. Multiplication Sign\05. Multiplication Sign.csproj", "{A38B12E6-0D7F-4D30-BC81-59A584CA8CCB}"
EndProject
Project("{9A19103F-16F7-4668-BE54-9A1E7A4F7556}") = "01. Data Types Second Solution", "01. Data Types Second Solution\01. Data Types Second Solution.csproj", "{25BCE46C-7BE4-4759-BCB2-0216785F4DE3}"
EndProject
Project("{FAE04EC0-301F-11D3-BF4B-00C04F79EFBC}") = "05. Multiplication Sign Second Solution", "05. Multiplication Sign Second Solution\05. Multiplication Sign Second Solution.csproj", "{FEAE5CFA-69AC-4FFF-8CD3-CA2AA4AA56AD}"
EndProject
Global
	GlobalSection(SolutionConfigurationPlatforms) = preSolution
		Debug|Any CPU = Debug|Any CPU
		Release|Any CPU = Release|Any CPU
	EndGlobalSection
	GlobalSection(ProjectConfigurationPlatforms) = postSolution
		{89E6017F-F73F-47B4-8D69-E9DBEA0C7BB1}.Debug|Any CPU.ActiveCfg = Debug|Any CPU
		{89E6017F-F73F-47B4-8D69-E9DBEA0C7BB1}.Debug|Any CPU.Build.0 = Debug|Any CPU
		{89E6017F-F73F-47B4-8D69-E9DBEA0C7BB1}.Release|Any CPU.ActiveCfg = Release|Any CPU
		{89E6017F-F73F-47B4-8D69-E9DBEA0C7BB1}.Release|Any CPU.Build.0 = Release|Any CPU
		{DA4B024E-5B42-4EB7-9A44-50B176C6E27B}.Debug|Any CPU.ActiveCfg = Debug|Any CPU
		{DA4B024E-5B42-4EB7-9A44-50B176C6E27B}.Debug|Any CPU.Build.0 = Debug|Any CPU
		{DA4B024E-5B42-4EB7-9A44-50B176C6E27B}.Release|Any CPU.ActiveCfg = Release|Any CPU
		{DA4B024E-5B42-4EB7-9A44-50B176C6E27B}.Release|Any CPU.Build.0 = Release|Any CPU
		{914333DC-F3D4-4B60-9736-6C4DDCF7C9DB}.Debug|Any CPU.ActiveCfg = Debug|Any CPU
		{914333DC-F3D4-4B60-9736-6C4DDCF7C9DB}.Debug|Any CPU.Build.0 = Debug|Any CPU
		{914333DC-F3D4-4B60-9736-6C4DDCF7C9DB}.Release|Any CPU.ActiveCfg = Release|Any CPU
		{914333DC-F3D4-4B60-9736-6C4DDCF7C9DB}.Release|Any CPU.Build.0 = Release|Any CPU
		{528A4907-D217-4614-B9A6-57AD4E70D8DC}.Debug|Any CPU.ActiveCfg = Debug|Any CPU
		{528A4907-D217-4614-B9A6-57AD4E70D8DC}.Debug|Any CPU.Build.0 = Debug|Any CPU
		{528A4907-D217-4614-B9A6-57AD4E70D8DC}.Release|Any CPU.ActiveCfg = Release|Any CPU
		{528A4907-D217-4614-B9A6-57AD4E70D8DC}.Release|Any CPU.Build.0 = Release|Any CPU
		{A38B12E6-0D7F-4D30-BC81-59A584CA8CCB}.Debug|Any CPU.ActiveCfg = Debug|Any CPU
		{A38B12E6-0D7F-4D30-BC81-59A584CA8CCB}.Debug|Any CPU.Build.0 = Debug|Any CPU
		{A38B12E6-0D7F-4D30-BC81-59A584CA8CCB}.Release|Any CPU.ActiveCfg = Release|Any CPU
		{A38B12E6-0D7F-4D30-BC81-59A584CA8CCB}.Release|Any CPU.Build.0 = Release|Any CPU
		{25BCE46C-7BE4-4759-BCB2-0216785F4DE3}.Debug|Any CPU.ActiveCfg = Debug|Any CPU
		{25BCE46C-7BE4-4759-BCB2-0216785F4DE3}.Debug|Any CPU.Build.0 = Debug|Any CPU
		{25BCE46C-7BE4-4759-BCB2-0216785F4DE3}.Release|Any CPU.ActiveCfg = Release|Any CPU
		{25BCE46C-7BE4-4759-BCB2-0216785F4DE3}.Release|Any CPU.Build.0 = Release|Any CPU
		{FEAE5CFA-69AC-4FFF-8CD3-CA2AA4AA56AD}.Debug|Any CPU.ActiveCfg = Debug|Any CPU
		{FEAE5CFA-69AC-4FFF-8CD3-CA2AA4AA56AD}.Debug|Any CPU.Build.0 = Debug|Any CPU
		{FEAE5CFA-69AC-4FFF-8CD3-CA2AA4AA56AD}.Release|Any CPU.ActiveCfg = Release|Any CPU
		{FEAE5CFA-69AC-4FFF-8CD3-CA2AA4AA56AD}.Release|Any CPU.Build.0 = Release|Any CPU
	EndGlobalSection
	GlobalSection(SolutionProperties) = preSolution
		HideSolutionNode = FALSE
	EndGlobalSection
	GlobalSection(ExtensibilityGlobals) = postSolution
		SolutionGuid = {48F4FAB5-B5B9-4EF7-BF74-1D293C9FB648}
	EndGlobalSection
EndGlobal
