
Microsoft Visual Studio Solution File, Format Version 12.00
# Visual Studio Version 17
VisualStudioVersion = 17.8.34525.116
MinimumVisualStudioVersion = 10.0.40219.1
Project("{FAE04EC0-301F-11D3-BF4B-00C04F79EFBC}") = "01. Messaging", "01. Messaging\01. Messaging.csproj", "{C2EB9BDC-CBC7-442C-AF05-27C8C0E2CCA3}"
EndProject
Project("{FAE04EC0-301F-11D3-BF4B-00C04F79EFBC}") = "02. Car Race", "02. Car Race\02. Car Race.csproj", "{9B586D02-040C-4367-98EF-4E9A48631E51}"
EndProject
Project("{FAE04EC0-301F-11D3-BF4B-00C04F79EFBC}") = "03. Take Skip Rope", "03. Take Skip Rope\03. Take Skip Rope.csproj", "{8734B9E5-5478-4679-86BD-05ED3A251EAF}"
EndProject
Project("{FAE04EC0-301F-11D3-BF4B-00C04F79EFBC}") = "04. Mixed up Lists", "04. Mixed up Lists\04. Mixed up Lists.csproj", "{DB14A47D-122E-414F-A22A-5D3D75BC684A}"
EndProject
Project("{FAE04EC0-301F-11D3-BF4B-00C04F79EFBC}") = "05. Drum Set", "05. Drum Set\05. Drum Set.csproj", "{A571811F-D8D4-480C-A821-98271BC15568}"
EndProject
Global
	GlobalSection(SolutionConfigurationPlatforms) = preSolution
		Debug|Any CPU = Debug|Any CPU
		Release|Any CPU = Release|Any CPU
	EndGlobalSection
	GlobalSection(ProjectConfigurationPlatforms) = postSolution
		{C2EB9BDC-CBC7-442C-AF05-27C8C0E2CCA3}.Debug|Any CPU.ActiveCfg = Debug|Any CPU
		{C2EB9BDC-CBC7-442C-AF05-27C8C0E2CCA3}.Debug|Any CPU.Build.0 = Debug|Any CPU
		{C2EB9BDC-CBC7-442C-AF05-27C8C0E2CCA3}.Release|Any CPU.ActiveCfg = Release|Any CPU
		{C2EB9BDC-CBC7-442C-AF05-27C8C0E2CCA3}.Release|Any CPU.Build.0 = Release|Any CPU
		{9B586D02-040C-4367-98EF-4E9A48631E51}.Debug|Any CPU.ActiveCfg = Debug|Any CPU
		{9B586D02-040C-4367-98EF-4E9A48631E51}.Debug|Any CPU.Build.0 = Debug|Any CPU
		{9B586D02-040C-4367-98EF-4E9A48631E51}.Release|Any CPU.ActiveCfg = Release|Any CPU
		{9B586D02-040C-4367-98EF-4E9A48631E51}.Release|Any CPU.Build.0 = Release|Any CPU
		{8734B9E5-5478-4679-86BD-05ED3A251EAF}.Debug|Any CPU.ActiveCfg = Debug|Any CPU
		{8734B9E5-5478-4679-86BD-05ED3A251EAF}.Debug|Any CPU.Build.0 = Debug|Any CPU
		{8734B9E5-5478-4679-86BD-05ED3A251EAF}.Release|Any CPU.ActiveCfg = Release|Any CPU
		{8734B9E5-5478-4679-86BD-05ED3A251EAF}.Release|Any CPU.Build.0 = Release|Any CPU
		{DB14A47D-122E-414F-A22A-5D3D75BC684A}.Debug|Any CPU.ActiveCfg = Debug|Any CPU
		{DB14A47D-122E-414F-A22A-5D3D75BC684A}.Debug|Any CPU.Build.0 = Debug|Any CPU
		{DB14A47D-122E-414F-A22A-5D3D75BC684A}.Release|Any CPU.ActiveCfg = Release|Any CPU
		{DB14A47D-122E-414F-A22A-5D3D75BC684A}.Release|Any CPU.Build.0 = Release|Any CPU
		{A571811F-D8D4-480C-A821-98271BC15568}.Debug|Any CPU.ActiveCfg = Debug|Any CPU
		{A571811F-D8D4-480C-A821-98271BC15568}.Debug|Any CPU.Build.0 = Debug|Any CPU
		{A571811F-D8D4-480C-A821-98271BC15568}.Release|Any CPU.ActiveCfg = Release|Any CPU
		{A571811F-D8D4-480C-A821-98271BC15568}.Release|Any CPU.Build.0 = Release|Any CPU
	EndGlobalSection
	GlobalSection(SolutionProperties) = preSolution
		HideSolutionNode = FALSE
	EndGlobalSection
	GlobalSection(ExtensibilityGlobals) = postSolution
		SolutionGuid = {A278259A-0051-4E01-B7BC-F71C012CC03A}
	EndGlobalSection
EndGlobal
