
Microsoft Visual Studio Solution File, Format Version 12.00
# Visual Studio Version 17
VisualStudioVersion = 17.8.34525.116
MinimumVisualStudioVersion = 10.0.40219.1
Project("{FAE04EC0-301F-11D3-BF4B-00C04F79EFBC}") = "01. Match Full Name", "01. Match Full Name\01. Match Full Name.csproj", "{017E2D2D-6CC9-44DA-8B56-ABFEE5295F5E}"
EndProject
Project("{FAE04EC0-301F-11D3-BF4B-00C04F79EFBC}") = "02. Match Phone Number", "02. Match Phone Number\02. Match Phone Number.csproj", "{516A7F79-2668-4890-B90C-E0F5DDB8B7B6}"
EndProject
Project("{FAE04EC0-301F-11D3-BF4B-00C04F79EFBC}") = "03. Match Dates", "03. Match Dates\03. Match Dates.csproj", "{21293A25-00EA-447E-B9E5-EE36A399B220}"
EndProject
Global
	GlobalSection(SolutionConfigurationPlatforms) = preSolution
		Debug|Any CPU = Debug|Any CPU
		Release|Any CPU = Release|Any CPU
	EndGlobalSection
	GlobalSection(ProjectConfigurationPlatforms) = postSolution
		{017E2D2D-6CC9-44DA-8B56-ABFEE5295F5E}.Debug|Any CPU.ActiveCfg = Debug|Any CPU
		{017E2D2D-6CC9-44DA-8B56-ABFEE5295F5E}.Debug|Any CPU.Build.0 = Debug|Any CPU
		{017E2D2D-6CC9-44DA-8B56-ABFEE5295F5E}.Release|Any CPU.ActiveCfg = Release|Any CPU
		{017E2D2D-6CC9-44DA-8B56-ABFEE5295F5E}.Release|Any CPU.Build.0 = Release|Any CPU
		{516A7F79-2668-4890-B90C-E0F5DDB8B7B6}.Debug|Any CPU.ActiveCfg = Debug|Any CPU
		{516A7F79-2668-4890-B90C-E0F5DDB8B7B6}.Debug|Any CPU.Build.0 = Debug|Any CPU
		{516A7F79-2668-4890-B90C-E0F5DDB8B7B6}.Release|Any CPU.ActiveCfg = Release|Any CPU
		{516A7F79-2668-4890-B90C-E0F5DDB8B7B6}.Release|Any CPU.Build.0 = Release|Any CPU
		{21293A25-00EA-447E-B9E5-EE36A399B220}.Debug|Any CPU.ActiveCfg = Debug|Any CPU
		{21293A25-00EA-447E-B9E5-EE36A399B220}.Debug|Any CPU.Build.0 = Debug|Any CPU
		{21293A25-00EA-447E-B9E5-EE36A399B220}.Release|Any CPU.ActiveCfg = Release|Any CPU
		{21293A25-00EA-447E-B9E5-EE36A399B220}.Release|Any CPU.Build.0 = Release|Any CPU
	EndGlobalSection
	GlobalSection(SolutionProperties) = preSolution
		HideSolutionNode = FALSE
	EndGlobalSection
	GlobalSection(ExtensibilityGlobals) = postSolution
		SolutionGuid = {EB19ACBF-8B16-4146-ACD3-E9AE9124C6B9}
	EndGlobalSection
EndGlobal
